
Microsoft Visual Studio Solution File, Format Version 12.00
# Visual Studio 15
VisualStudioVersion = 15.0.28307.705
MinimumVisualStudioVersion = 10.0.40219.1
Project("{8BC9CEB8-8B4A-11D0-8D11-00A0C91BC942}") = "priorityQ", "priorityQ\priorityQ.vcxproj", "{B87E3D11-892B-4BB1-8056-82BF387DCA4D}"
EndProject
Global
	GlobalSection(SolutionConfigurationPlatforms) = preSolution
		Debug|x64 = Debug|x64
		Debug|x86 = Debug|x86
		Release|x64 = Release|x64
		Release|x86 = Release|x86
	EndGlobalSection
	GlobalSection(ProjectConfigurationPlatforms) = postSolution
		{B87E3D11-892B-4BB1-8056-82BF387DCA4D}.Debug|x64.ActiveCfg = Debug|x64
		{B87E3D11-892B-4BB1-8056-82BF387DCA4D}.Debug|x64.Build.0 = Debug|x64
		{B87E3D11-892B-4BB1-8056-82BF387DCA4D}.Debug|x86.ActiveCfg = Debug|Win32
		{B87E3D11-892B-4BB1-8056-82BF387DCA4D}.Debug|x86.Build.0 = Debug|Win32
		{B87E3D11-892B-4BB1-8056-82BF387DCA4D}.Release|x64.ActiveCfg = Release|x64
		{B87E3D11-892B-4BB1-8056-82BF387DCA4D}.Release|x64.Build.0 = Release|x64
		{B87E3D11-892B-4BB1-8056-82BF387DCA4D}.Release|x86.ActiveCfg = Release|Win32
		{B87E3D11-892B-4BB1-8056-82BF387DCA4D}.Release|x86.Build.0 = Release|Win32
	EndGlobalSection
	GlobalSection(SolutionProperties) = preSolution
		HideSolutionNode = FALSE
	EndGlobalSection
	GlobalSection(ExtensibilityGlobals) = postSolution
		SolutionGuid = {8F4FA551-7F24-4133-AF34-46D4551BC578}
	EndGlobalSection
EndGlobal
