
Microsoft Visual Studio Solution File, Format Version 12.00
# Visual Studio 15
VisualStudioVersion = 15.0.28307.705
MinimumVisualStudioVersion = 10.0.40219.1
Project("{8BC9CEB8-8B4A-11D0-8D11-00A0C91BC942}") = "Heap", "Heap\Heap.vcxproj", "{9B8282EF-EDE0-4D75-9036-0B7F8D77585C}"
EndProject
Global
	GlobalSection(SolutionConfigurationPlatforms) = preSolution
		Debug|x64 = Debug|x64
		Debug|x86 = Debug|x86
		Release|x64 = Release|x64
		Release|x86 = Release|x86
	EndGlobalSection
	GlobalSection(ProjectConfigurationPlatforms) = postSolution
		{9B8282EF-EDE0-4D75-9036-0B7F8D77585C}.Debug|x64.ActiveCfg = Debug|x64
		{9B8282EF-EDE0-4D75-9036-0B7F8D77585C}.Debug|x64.Build.0 = Debug|x64
		{9B8282EF-EDE0-4D75-9036-0B7F8D77585C}.Debug|x86.ActiveCfg = Debug|Win32
		{9B8282EF-EDE0-4D75-9036-0B7F8D77585C}.Debug|x86.Build.0 = Debug|Win32
		{9B8282EF-EDE0-4D75-9036-0B7F8D77585C}.Release|x64.ActiveCfg = Release|x64
		{9B8282EF-EDE0-4D75-9036-0B7F8D77585C}.Release|x64.Build.0 = Release|x64
		{9B8282EF-EDE0-4D75-9036-0B7F8D77585C}.Release|x86.ActiveCfg = Release|Win32
		{9B8282EF-EDE0-4D75-9036-0B7F8D77585C}.Release|x86.Build.0 = Release|Win32
	EndGlobalSection
	GlobalSection(SolutionProperties) = preSolution
		HideSolutionNode = FALSE
	EndGlobalSection
	GlobalSection(ExtensibilityGlobals) = postSolution
		SolutionGuid = {71CEA5D1-08A1-4068-8745-24249559A7A6}
	EndGlobalSection
EndGlobal
